
Microsoft Visual Studio Solution File, Format Version 12.00
# Visual Studio Version 17
VisualStudioVersion = 17.11.35312.102
MinimumVisualStudioVersion = 10.0.40219.1
Project("{FAE04EC0-301F-11D3-BF4B-00C04F79EFBC}") = "AZ204.Umbraco-WebApp.Site", "AZ204.Umbraco-WebApp.Site\AZ204.Umbraco-WebApp.Site.csproj", "{8E80C911-79D9-4D0E-B763-D70FEE58FE64}"
EndProject
Global
	GlobalSection(SolutionConfigurationPlatforms) = preSolution
		Debug|Any CPU = Debug|Any CPU
		Release|Any CPU = Release|Any CPU
	EndGlobalSection
	GlobalSection(ProjectConfigurationPlatforms) = postSolution
		{8E80C911-79D9-4D0E-B763-D70FEE58FE64}.Debug|Any CPU.ActiveCfg = Debug|Any CPU
		{8E80C911-79D9-4D0E-B763-D70FEE58FE64}.Debug|Any CPU.Build.0 = Debug|Any CPU
		{8E80C911-79D9-4D0E-B763-D70FEE58FE64}.Release|Any CPU.ActiveCfg = Release|Any CPU
		{8E80C911-79D9-4D0E-B763-D70FEE58FE64}.Release|Any CPU.Build.0 = Release|Any CPU
	EndGlobalSection
	GlobalSection(SolutionProperties) = preSolution
		HideSolutionNode = FALSE
	EndGlobalSection
	GlobalSection(ExtensibilityGlobals) = postSolution
		SolutionGuid = {F383B1D7-E21E-4F09-96C2-BEC28CEF32ED}
	EndGlobalSection
EndGlobal
